
Microsoft Visual Studio Solution File, Format Version 12.00
Project("{FAE04EC0-301F-11D3-BF4B-00C04F79EFBC}") = "App", "App\App.csproj", "{4D1E4D1E-87B6-47B0-B4A0-42A4B7707EB7}"
EndProject
Project("{FAE04EC0-301F-11D3-BF4B-00C04F79EFBC}") = "Abstractions", "Abstractions\Abstractions.csproj", "{7CF9EDA0-8DD3-42E7-ACEF-6E4157B3D861}"
EndProject
Project("{FAE04EC0-301F-11D3-BF4B-00C04F79EFBC}") = "Implementation", "Implementation\Implementation.csproj", "{A4785707-AA81-4991-9E9A-E755F6FB2A4A}"
EndProject
Project("{2150E333-8FDC-42A3-9474-1A3956D46DE8}") = "Pipeline", "Pipeline", "{AE6BF74E-DDD0-4E76-933D-1540C338E7E3}"
EndProject
Global
	GlobalSection(SolutionConfigurationPlatforms) = preSolution
		Debug|Any CPU = Debug|Any CPU
		Release|Any CPU = Release|Any CPU
	EndGlobalSection
	GlobalSection(ProjectConfigurationPlatforms) = postSolution
		{4D1E4D1E-87B6-47B0-B4A0-42A4B7707EB7}.Debug|Any CPU.ActiveCfg = Debug|Any CPU
		{4D1E4D1E-87B6-47B0-B4A0-42A4B7707EB7}.Debug|Any CPU.Build.0 = Debug|Any CPU
		{4D1E4D1E-87B6-47B0-B4A0-42A4B7707EB7}.Release|Any CPU.ActiveCfg = Release|Any CPU
		{4D1E4D1E-87B6-47B0-B4A0-42A4B7707EB7}.Release|Any CPU.Build.0 = Release|Any CPU
		{7CF9EDA0-8DD3-42E7-ACEF-6E4157B3D861}.Debug|Any CPU.ActiveCfg = Debug|Any CPU
		{7CF9EDA0-8DD3-42E7-ACEF-6E4157B3D861}.Debug|Any CPU.Build.0 = Debug|Any CPU
		{7CF9EDA0-8DD3-42E7-ACEF-6E4157B3D861}.Release|Any CPU.ActiveCfg = Release|Any CPU
		{7CF9EDA0-8DD3-42E7-ACEF-6E4157B3D861}.Release|Any CPU.Build.0 = Release|Any CPU
		{A4785707-AA81-4991-9E9A-E755F6FB2A4A}.Debug|Any CPU.ActiveCfg = Debug|Any CPU
		{A4785707-AA81-4991-9E9A-E755F6FB2A4A}.Debug|Any CPU.Build.0 = Debug|Any CPU
		{A4785707-AA81-4991-9E9A-E755F6FB2A4A}.Release|Any CPU.ActiveCfg = Release|Any CPU
		{A4785707-AA81-4991-9E9A-E755F6FB2A4A}.Release|Any CPU.Build.0 = Release|Any CPU
	EndGlobalSection
	GlobalSection(NestedProjects) = preSolution
		{7CF9EDA0-8DD3-42E7-ACEF-6E4157B3D861} = {AE6BF74E-DDD0-4E76-933D-1540C338E7E3}
		{A4785707-AA81-4991-9E9A-E755F6FB2A4A} = {AE6BF74E-DDD0-4E76-933D-1540C338E7E3}
	EndGlobalSection
EndGlobal
